// !$*UTF8*$!
{
	archiveVersion = 1;
	classes = {
	};
	objectVersion = 55;
	objects = {

/* Begin PBXBuildFile section */
		4A1F8F3C275EC153006C6E26 /* PostViewController.swift in Sources */ = {isa = PBXBuildFile; fileRef = 4A1F8F3B275EC153006C6E26 /* PostViewController.swift */; };
		4A2492BE2972E13D00967BF4 /* Coordinator.swift in Sources */ = {isa = PBXBuildFile; fileRef = 4A2492BD2972E13D00967BF4 /* Coordinator.swift */; };
		4A2492C02972E19400967BF4 /* PostsCoordinator.swift in Sources */ = {isa = PBXBuildFile; fileRef = 4A2492BF2972E19400967BF4 /* PostsCoordinator.swift */; };
		4A2492C22972E1C600967BF4 /* ViewControllerFactory.swift in Sources */ = {isa = PBXBuildFile; fileRef = 4A2492C12972E1C600967BF4 /* ViewControllerFactory.swift */; };
		4A2492C52972E30900967BF4 /* PostsViewModel.swift in Sources */ = {isa = PBXBuildFile; fileRef = 4A2492C42972E30900967BF4 /* PostsViewModel.swift */; };
		4A2492C82972E35C00967BF4 /* Observable.swift in Sources */ = {isa = PBXBuildFile; fileRef = 4A2492C72972E35C00967BF4 /* Observable.swift */; };
		4A2492CA2972E67900967BF4 /* LoginViewModel.swift in Sources */ = {isa = PBXBuildFile; fileRef = 4A2492C92972E67900967BF4 /* LoginViewModel.swift */; };
		4A2492CC2973012D00967BF4 /* LoginCoordinator.swift in Sources */ = {isa = PBXBuildFile; fileRef = 4A2492CB2973012D00967BF4 /* LoginCoordinator.swift */; };
		4A2492CE297306A600967BF4 /* Auth.swift in Sources */ = {isa = PBXBuildFile; fileRef = 4A2492CD297306A600967BF4 /* Auth.swift */; };
		4A2492D029730B1E00967BF4 /* PostViewModel.swift in Sources */ = {isa = PBXBuildFile; fileRef = 4A2492CF29730B1E00967BF4 /* PostViewModel.swift */; };
		4A2492D329730BAF00967BF4 /* PostEndpoint.swift in Sources */ = {isa = PBXBuildFile; fileRef = 4A2492D229730BAF00967BF4 /* PostEndpoint.swift */; };
		4A2492D529730BB800967BF4 /* PostService.swift in Sources */ = {isa = PBXBuildFile; fileRef = 4A2492D429730BB800967BF4 /* PostService.swift */; };
		4A2492D72974BB6F00967BF4 /* CreatePostViewModel.swift in Sources */ = {isa = PBXBuildFile; fileRef = 4A2492D62974BB6F00967BF4 /* CreatePostViewModel.swift */; };
		4A2492D92974BCA000967BF4 /* CreatePostEndpoint.swift in Sources */ = {isa = PBXBuildFile; fileRef = 4A2492D82974BCA000967BF4 /* CreatePostEndpoint.swift */; };
		4A78B93F29787D4C00C7734A /* PostCoordinator.swift in Sources */ = {isa = PBXBuildFile; fileRef = 4A78B93E29787D4C00C7734A /* PostCoordinator.swift */; };
		4A78B94129787D5D00C7734A /* CreatePostCoordinator.swift in Sources */ = {isa = PBXBuildFile; fileRef = 4A78B94029787D5D00C7734A /* CreatePostCoordinator.swift */; };
		4A8E8F1B296B5C12004FCEEA /* LoginViewController.swift in Sources */ = {isa = PBXBuildFile; fileRef = 4A8E8F1A296B5C12004FCEEA /* LoginViewController.swift */; };
		4A8E8F1E296B6E39004FCEEA /* LoginEndpoint.swift in Sources */ = {isa = PBXBuildFile; fileRef = 4A8E8F1D296B6E39004FCEEA /* LoginEndpoint.swift */; };
		4A8E8F20296B71B9004FCEEA /* Token.swift in Sources */ = {isa = PBXBuildFile; fileRef = 4A8E8F1F296B71B9004FCEEA /* Token.swift */; };
		4A8E8F22296B71E2004FCEEA /* LoginService.swift in Sources */ = {isa = PBXBuildFile; fileRef = 4A8E8F21296B71E2004FCEEA /* LoginService.swift */; };
		4A8E8F24296B88F4004FCEEA /* KeychainHelper.swift in Sources */ = {isa = PBXBuildFile; fileRef = 4A8E8F23296B88F4004FCEEA /* KeychainHelper.swift */; };
		4AB3A59C27654D2A0004F4DE /* CreatePostViewController.swift in Sources */ = {isa = PBXBuildFile; fileRef = 4AB3A59B27654D2A0004F4DE /* CreatePostViewController.swift */; };
		4AD99219275CDDA2007ABB73 /* AppDelegate.swift in Sources */ = {isa = PBXBuildFile; fileRef = 4AD99218275CDDA2007ABB73 /* AppDelegate.swift */; };
		4AD9921B275CDDA2007ABB73 /* SceneDelegate.swift in Sources */ = {isa = PBXBuildFile; fileRef = 4AD9921A275CDDA2007ABB73 /* SceneDelegate.swift */; };
		4AD9921D275CDDA2007ABB73 /* ViewController.swift in Sources */ = {isa = PBXBuildFile; fileRef = 4AD9921C275CDDA2007ABB73 /* ViewController.swift */; };
		4AD99222275CDDA6007ABB73 /* Assets.xcassets in Resources */ = {isa = PBXBuildFile; fileRef = 4AD99221275CDDA6007ABB73 /* Assets.xcassets */; };
		4AD99225275CDDA6007ABB73 /* LaunchScreen.storyboard in Resources */ = {isa = PBXBuildFile; fileRef = 4AD99223275CDDA6007ABB73 /* LaunchScreen.storyboard */; };
		4AD99230275CE14F007ABB73 /* PostsViewController.swift in Sources */ = {isa = PBXBuildFile; fileRef = 4AD9922F275CE14F007ABB73 /* PostsViewController.swift */; };
		4AD99245275CED63007ABB73 /* Category.swift in Sources */ = {isa = PBXBuildFile; fileRef = 4AD99241275CED63007ABB73 /* Category.swift */; };
		4AD99246275CED63007ABB73 /* User.swift in Sources */ = {isa = PBXBuildFile; fileRef = 4AD99242275CED63007ABB73 /* User.swift */; };
		4AD99247275CED63007ABB73 /* Post.swift in Sources */ = {isa = PBXBuildFile; fileRef = 4AD99243275CED63007ABB73 /* Post.swift */; };
		4AD99248275CED63007ABB73 /* CreatePostData.swift in Sources */ = {isa = PBXBuildFile; fileRef = 4AD99244275CED63007ABB73 /* CreatePostData.swift */; };
		4ADBAA2B29678E510019CE69 /* Endpoint.swift in Sources */ = {isa = PBXBuildFile; fileRef = 4ADBAA2A29678E510019CE69 /* Endpoint.swift */; };
		4ADBAA2D29678ECA0019CE69 /* RequestError.swift in Sources */ = {isa = PBXBuildFile; fileRef = 4ADBAA2C29678ECA0019CE69 /* RequestError.swift */; };
		4ADBAA2F29678FB60019CE69 /* HTTPClient.swift in Sources */ = {isa = PBXBuildFile; fileRef = 4ADBAA2E29678FB60019CE69 /* HTTPClient.swift */; };
		4ADBAA31296793B80019CE69 /* PostsEndpoint.swift in Sources */ = {isa = PBXBuildFile; fileRef = 4ADBAA30296793B80019CE69 /* PostsEndpoint.swift */; };
		4ADBAA37296997460019CE69 /* PostsService.swift in Sources */ = {isa = PBXBuildFile; fileRef = 4ADBAA36296997460019CE69 /* PostsService.swift */; };
/* End PBXBuildFile section */

/* Begin PBXFileReference section */
		4A1F8F3B275EC153006C6E26 /* PostViewController.swift */ = {isa = PBXFileReference; lastKnownFileType = sourcecode.swift; path = PostViewController.swift; sourceTree = "<group>"; };
		4A2492BD2972E13D00967BF4 /* Coordinator.swift */ = {isa = PBXFileReference; lastKnownFileType = sourcecode.swift; path = Coordinator.swift; sourceTree = "<group>"; };
		4A2492BF2972E19400967BF4 /* PostsCoordinator.swift */ = {isa = PBXFileReference; lastKnownFileType = sourcecode.swift; path = PostsCoordinator.swift; sourceTree = "<group>"; };
		4A2492C12972E1C600967BF4 /* ViewControllerFactory.swift */ = {isa = PBXFileReference; lastKnownFileType = sourcecode.swift; path = ViewControllerFactory.swift; sourceTree = "<group>"; };
		4A2492C42972E30900967BF4 /* PostsViewModel.swift */ = {isa = PBXFileReference; lastKnownFileType = sourcecode.swift; path = PostsViewModel.swift; sourceTree = "<group>"; };
		4A2492C72972E35C00967BF4 /* Observable.swift */ = {isa = PBXFileReference; lastKnownFileType = sourcecode.swift; path = Observable.swift; sourceTree = "<group>"; };
		4A2492C92972E67900967BF4 /* LoginViewModel.swift */ = {isa = PBXFileReference; lastKnownFileType = sourcecode.swift; path = LoginViewModel.swift; sourceTree = "<group>"; };
		4A2492CB2973012D00967BF4 /* LoginCoordinator.swift */ = {isa = PBXFileReference; lastKnownFileType = sourcecode.swift; path = LoginCoordinator.swift; sourceTree = "<group>"; };
		4A2492CD297306A600967BF4 /* Auth.swift */ = {isa = PBXFileReference; lastKnownFileType = sourcecode.swift; path = Auth.swift; sourceTree = "<group>"; };
		4A2492CF29730B1E00967BF4 /* PostViewModel.swift */ = {isa = PBXFileReference; lastKnownFileType = sourcecode.swift; path = PostViewModel.swift; sourceTree = "<group>"; };
		4A2492D229730BAF00967BF4 /* PostEndpoint.swift */ = {isa = PBXFileReference; lastKnownFileType = sourcecode.swift; path = PostEndpoint.swift; sourceTree = "<group>"; };
		4A2492D429730BB800967BF4 /* PostService.swift */ = {isa = PBXFileReference; lastKnownFileType = sourcecode.swift; path = PostService.swift; sourceTree = "<group>"; };
		4A2492D62974BB6F00967BF4 /* CreatePostViewModel.swift */ = {isa = PBXFileReference; lastKnownFileType = sourcecode.swift; path = CreatePostViewModel.swift; sourceTree = "<group>"; };
		4A2492D82974BCA000967BF4 /* CreatePostEndpoint.swift */ = {isa = PBXFileReference; lastKnownFileType = sourcecode.swift; path = CreatePostEndpoint.swift; sourceTree = "<group>"; };
		4A78B93E29787D4C00C7734A /* PostCoordinator.swift */ = {isa = PBXFileReference; lastKnownFileType = sourcecode.swift; path = PostCoordinator.swift; sourceTree = "<group>"; };
		4A78B94029787D5D00C7734A /* CreatePostCoordinator.swift */ = {isa = PBXFileReference; lastKnownFileType = sourcecode.swift; path = CreatePostCoordinator.swift; sourceTree = "<group>"; };
		4A8E8F1A296B5C12004FCEEA /* LoginViewController.swift */ = {isa = PBXFileReference; lastKnownFileType = sourcecode.swift; path = LoginViewController.swift; sourceTree = "<group>"; };
		4A8E8F1D296B6E39004FCEEA /* LoginEndpoint.swift */ = {isa = PBXFileReference; lastKnownFileType = sourcecode.swift; path = LoginEndpoint.swift; sourceTree = "<group>"; };
		4A8E8F1F296B71B9004FCEEA /* Token.swift */ = {isa = PBXFileReference; lastKnownFileType = sourcecode.swift; path = Token.swift; sourceTree = "<group>"; };
		4A8E8F21296B71E2004FCEEA /* LoginService.swift */ = {isa = PBXFileReference; lastKnownFileType = sourcecode.swift; path = LoginService.swift; sourceTree = "<group>"; };
		4A8E8F23296B88F4004FCEEA /* KeychainHelper.swift */ = {isa = PBXFileReference; lastKnownFileType = sourcecode.swift; path = KeychainHelper.swift; sourceTree = "<group>"; };
		4AB3A59B27654D2A0004F4DE /* CreatePostViewController.swift */ = {isa = PBXFileReference; lastKnownFileType = sourcecode.swift; path = CreatePostViewController.swift; sourceTree = "<group>"; };
		4AD99215275CDDA2007ABB73 /* BlogClient.app */ = {isa = PBXFileReference; explicitFileType = wrapper.application; includeInIndex = 0; path = BlogClient.app; sourceTree = BUILT_PRODUCTS_DIR; };
		4AD99218275CDDA2007ABB73 /* AppDelegate.swift */ = {isa = PBXFileReference; lastKnownFileType = sourcecode.swift; path = AppDelegate.swift; sourceTree = "<group>"; };
		4AD9921A275CDDA2007ABB73 /* SceneDelegate.swift */ = {isa = PBXFileReference; lastKnownFileType = sourcecode.swift; path = SceneDelegate.swift; sourceTree = "<group>"; };
		4AD9921C275CDDA2007ABB73 /* ViewController.swift */ = {isa = PBXFileReference; lastKnownFileType = sourcecode.swift; path = ViewController.swift; sourceTree = "<group>"; };
		4AD99221275CDDA6007ABB73 /* Assets.xcassets */ = {isa = PBXFileReference; lastKnownFileType = folder.assetcatalog; path = Assets.xcassets; sourceTree = "<group>"; };
		4AD99224275CDDA6007ABB73 /* Base */ = {isa = PBXFileReference; lastKnownFileType = file.storyboard; name = Base; path = Base.lproj/LaunchScreen.storyboard; sourceTree = "<group>"; };
		4AD99226275CDDA7007ABB73 /* Info.plist */ = {isa = PBXFileReference; lastKnownFileType = text.plist.xml; path = Info.plist; sourceTree = "<group>"; };
		4AD9922F275CE14F007ABB73 /* PostsViewController.swift */ = {isa = PBXFileReference; lastKnownFileType = sourcecode.swift; path = PostsViewController.swift; sourceTree = "<group>"; };
		4AD99241275CED63007ABB73 /* Category.swift */ = {isa = PBXFileReference; fileEncoding = 4; lastKnownFileType = sourcecode.swift; path = Category.swift; sourceTree = "<group>"; };
		4AD99242275CED63007ABB73 /* User.swift */ = {isa = PBXFileReference; fileEncoding = 4; lastKnownFileType = sourcecode.swift; path = User.swift; sourceTree = "<group>"; };
		4AD99243275CED63007ABB73 /* Post.swift */ = {isa = PBXFileReference; fileEncoding = 4; lastKnownFileType = sourcecode.swift; path = Post.swift; sourceTree = "<group>"; };
		4AD99244275CED63007ABB73 /* CreatePostData.swift */ = {isa = PBXFileReference; fileEncoding = 4; lastKnownFileType = sourcecode.swift; path = CreatePostData.swift; sourceTree = "<group>"; };
		4ADBAA2A29678E510019CE69 /* Endpoint.swift */ = {isa = PBXFileReference; lastKnownFileType = sourcecode.swift; path = Endpoint.swift; sourceTree = "<group>"; };
		4ADBAA2C29678ECA0019CE69 /* RequestError.swift */ = {isa = PBXFileReference; lastKnownFileType = sourcecode.swift; path = RequestError.swift; sourceTree = "<group>"; };
		4ADBAA2E29678FB60019CE69 /* HTTPClient.swift */ = {isa = PBXFileReference; lastKnownFileType = sourcecode.swift; path = HTTPClient.swift; sourceTree = "<group>"; };
		4ADBAA30296793B80019CE69 /* PostsEndpoint.swift */ = {isa = PBXFileReference; lastKnownFileType = sourcecode.swift; path = PostsEndpoint.swift; sourceTree = "<group>"; };
		4ADBAA36296997460019CE69 /* PostsService.swift */ = {isa = PBXFileReference; lastKnownFileType = sourcecode.swift; path = PostsService.swift; sourceTree = "<group>"; };
/* End PBXFileReference section */

/* Begin PBXFrameworksBuildPhase section */
		4AD99212275CDDA2007ABB73 /* Frameworks */ = {
			isa = PBXFrameworksBuildPhase;
			buildActionMask = 2147483647;
			files = (
			);
			runOnlyForDeploymentPostprocessing = 0;
		};
/* End PBXFrameworksBuildPhase section */

/* Begin PBXGroup section */
		4A2492BC2972E12A00967BF4 /* Coordinators */ = {
			isa = PBXGroup;
			children = (
				4A2492BD2972E13D00967BF4 /* Coordinator.swift */,
				4A2492BF2972E19400967BF4 /* PostsCoordinator.swift */,
				4A2492CB2973012D00967BF4 /* LoginCoordinator.swift */,
				4A78B93E29787D4C00C7734A /* PostCoordinator.swift */,
				4A78B94029787D5D00C7734A /* CreatePostCoordinator.swift */,
			);
			path = Coordinators;
			sourceTree = "<group>";
		};
		4A2492C32972E2F800967BF4 /* ViewModels */ = {
			isa = PBXGroup;
			children = (
				4A2492C42972E30900967BF4 /* PostsViewModel.swift */,
				4A2492C92972E67900967BF4 /* LoginViewModel.swift */,
				4A2492CF29730B1E00967BF4 /* PostViewModel.swift */,
				4A2492D62974BB6F00967BF4 /* CreatePostViewModel.swift */,
			);
			path = ViewModels;
			sourceTree = "<group>";
		};
		4A2492C62972E35700967BF4 /* Utils */ = {
			isa = PBXGroup;
			children = (
				4A8E8F23296B88F4004FCEEA /* KeychainHelper.swift */,
				4A2492C72972E35C00967BF4 /* Observable.swift */,
				4A2492CD297306A600967BF4 /* Auth.swift */,
			);
			path = Utils;
			sourceTree = "<group>";
		};
		4A2492D129730BA300967BF4 /* PostService */ = {
			isa = PBXGroup;
			children = (
				4A2492D229730BAF00967BF4 /* PostEndpoint.swift */,
				4A2492D82974BCA000967BF4 /* CreatePostEndpoint.swift */,
				4A2492D429730BB800967BF4 /* PostService.swift */,
			);
			path = PostService;
			sourceTree = "<group>";
		};
		4A2D232227A6018A0061D8A9 /* PostsService */ = {
			isa = PBXGroup;
			children = (
				4ADBAA36296997460019CE69 /* PostsService.swift */,
				4ADBAA30296793B80019CE69 /* PostsEndpoint.swift */,
			);
			path = PostsService;
			sourceTree = "<group>";
		};
		4A8A89552767F3F1003CF901 /* Networking */ = {
			isa = PBXGroup;
			children = (
				4A2492D129730BA300967BF4 /* PostService */,
				4A8E8F1C296B6E29004FCEEA /* LoginService */,
				4A2D232227A6018A0061D8A9 /* PostsService */,
				4ADBAA2A29678E510019CE69 /* Endpoint.swift */,
				4ADBAA2E29678FB60019CE69 /* HTTPClient.swift */,
				4ADBAA2C29678ECA0019CE69 /* RequestError.swift */,
			);
			path = Networking;
			sourceTree = "<group>";
		};
		4A8E8F19296B5C03004FCEEA /* Login */ = {
			isa = PBXGroup;
			children = (
				4A8E8F1A296B5C12004FCEEA /* LoginViewController.swift */,
			);
			path = Login;
			sourceTree = "<group>";
		};
		4A8E8F1C296B6E29004FCEEA /* LoginService */ = {
			isa = PBXGroup;
			children = (
				4A8E8F21296B71E2004FCEEA /* LoginService.swift */,
				4A8E8F1D296B6E39004FCEEA /* LoginEndpoint.swift */,
			);
			path = LoginService;
			sourceTree = "<group>";
		};
		4AD9920C275CDDA2007ABB73 = {
			isa = PBXGroup;
			children = (
				4AD99217275CDDA2007ABB73 /* BlogClient */,
				4AD99216275CDDA2007ABB73 /* Products */,
			);
			sourceTree = "<group>";
		};
		4AD99216275CDDA2007ABB73 /* Products */ = {
			isa = PBXGroup;
			children = (
				4AD99215275CDDA2007ABB73 /* BlogClient.app */,
			);
			name = Products;
			sourceTree = "<group>";
		};
		4AD99217275CDDA2007ABB73 /* BlogClient */ = {
			isa = PBXGroup;
			children = (
				4A2492C62972E35700967BF4 /* Utils */,
				4A2492C32972E2F800967BF4 /* ViewModels */,
				4A2492C12972E1C600967BF4 /* ViewControllerFactory.swift */,
				4A2492BC2972E12A00967BF4 /* Coordinators */,
				4A8A89552767F3F1003CF901 /* Networking */,
				4AD99240275CED57007ABB73 /* Models */,
				4AD9922C275CDE69007ABB73 /* ViewControllers */,
				4AD99218275CDDA2007ABB73 /* AppDelegate.swift */,
				4AD9921A275CDDA2007ABB73 /* SceneDelegate.swift */,
				4AD9921C275CDDA2007ABB73 /* ViewController.swift */,
				4AD99221275CDDA6007ABB73 /* Assets.xcassets */,
				4AD99223275CDDA6007ABB73 /* LaunchScreen.storyboard */,
				4AD99226275CDDA7007ABB73 /* Info.plist */,
			);
			path = BlogClient;
			sourceTree = "<group>";
		};
		4AD9922C275CDE69007ABB73 /* ViewControllers */ = {
			isa = PBXGroup;
			children = (
				4A8E8F19296B5C03004FCEEA /* Login */,
				4AEB126B2765FFD300FDD09A /* Posts */,
			);
			path = ViewControllers;
			sourceTree = "<group>";
		};
		4AD99240275CED57007ABB73 /* Models */ = {
			isa = PBXGroup;
			children = (
				4AD99243275CED63007ABB73 /* Post.swift */,
				4AD99241275CED63007ABB73 /* Category.swift */,
				4AD99244275CED63007ABB73 /* CreatePostData.swift */,
				4AD99242275CED63007ABB73 /* User.swift */,
				4A8E8F1F296B71B9004FCEEA /* Token.swift */,
			);
			path = Models;
			sourceTree = "<group>";
		};
		4AEB126B2765FFD300FDD09A /* Posts */ = {
			isa = PBXGroup;
			children = (
				4AD9922F275CE14F007ABB73 /* PostsViewController.swift */,
				4A1F8F3B275EC153006C6E26 /* PostViewController.swift */,
				4AB3A59B27654D2A0004F4DE /* CreatePostViewController.swift */,
			);
			path = Posts;
			sourceTree = "<group>";
		};
/* End PBXGroup section */

/* Begin PBXNativeTarget section */
		4AD99214275CDDA2007ABB73 /* BlogClient */ = {
			isa = PBXNativeTarget;
			buildConfigurationList = 4AD99229275CDDA7007ABB73 /* Build configuration list for PBXNativeTarget "BlogClient" */;
			buildPhases = (
				4AD99211275CDDA2007ABB73 /* Sources */,
				4AD99212275CDDA2007ABB73 /* Frameworks */,
				4AD99213275CDDA2007ABB73 /* Resources */,
			);
			buildRules = (
			);
			dependencies = (
			);
			name = BlogClient;
			productName = BlogClient;
			productReference = 4AD99215275CDDA2007ABB73 /* BlogClient.app */;
			productType = "com.apple.product-type.application";
		};
/* End PBXNativeTarget section */

/* Begin PBXProject section */
		4AD9920D275CDDA2007ABB73 /* Project object */ = {
			isa = PBXProject;
			attributes = {
				BuildIndependentTargetsInParallel = 1;
				LastSwiftUpdateCheck = 1310;
				LastUpgradeCheck = 1310;
				TargetAttributes = {
					4AD99214275CDDA2007ABB73 = {
						CreatedOnToolsVersion = 13.1;
					};
				};
			};
			buildConfigurationList = 4AD99210275CDDA2007ABB73 /* Build configuration list for PBXProject "BlogClient" */;
			compatibilityVersion = "Xcode 13.0";
			developmentRegion = en;
			hasScannedForEncodings = 0;
			knownRegions = (
				en,
				Base,
			);
			mainGroup = 4AD9920C275CDDA2007ABB73;
			productRefGroup = 4AD99216275CDDA2007ABB73 /* Products */;
			projectDirPath = "";
			projectRoot = "";
			targets = (
				4AD99214275CDDA2007ABB73 /* BlogClient */,
			);
		};
/* End PBXProject section */

/* Begin PBXResourcesBuildPhase section */
		4AD99213275CDDA2007ABB73 /* Resources */ = {
			isa = PBXResourcesBuildPhase;
			buildActionMask = 2147483647;
			files = (
				4AD99225275CDDA6007ABB73 /* LaunchScreen.storyboard in Resources */,
				4AD99222275CDDA6007ABB73 /* Assets.xcassets in Resources */,
			);
			runOnlyForDeploymentPostprocessing = 0;
		};
/* End PBXResourcesBuildPhase section */

/* Begin PBXSourcesBuildPhase section */
		4AD99211275CDDA2007ABB73 /* Sources */ = {
			isa = PBXSourcesBuildPhase;
			buildActionMask = 2147483647;
			files = (
				4A2492D029730B1E00967BF4 /* PostViewModel.swift in Sources */,
				4A2492C82972E35C00967BF4 /* Observable.swift in Sources */,
				4A8E8F1B296B5C12004FCEEA /* LoginViewController.swift in Sources */,
				4A2492D529730BB800967BF4 /* PostService.swift in Sources */,
				4A2492CC2973012D00967BF4 /* LoginCoordinator.swift in Sources */,
				4AD9921D275CDDA2007ABB73 /* ViewController.swift in Sources */,
				4AD99247275CED63007ABB73 /* Post.swift in Sources */,
				4A8E8F24296B88F4004FCEEA /* KeychainHelper.swift in Sources */,
				4A1F8F3C275EC153006C6E26 /* PostViewController.swift in Sources */,
				4A2492BE2972E13D00967BF4 /* Coordinator.swift in Sources */,
				4A2492CA2972E67900967BF4 /* LoginViewModel.swift in Sources */,
				4A78B94129787D5D00C7734A /* CreatePostCoordinator.swift in Sources */,
				4ADBAA37296997460019CE69 /* PostsService.swift in Sources */,
				4A2492C02972E19400967BF4 /* PostsCoordinator.swift in Sources */,
				4A2492CE297306A600967BF4 /* Auth.swift in Sources */,
				4A8E8F1E296B6E39004FCEEA /* LoginEndpoint.swift in Sources */,
				4ADBAA31296793B80019CE69 /* PostsEndpoint.swift in Sources */,
				4AD99246275CED63007ABB73 /* User.swift in Sources */,
				4A2492D329730BAF00967BF4 /* PostEndpoint.swift in Sources */,
				4A8E8F22296B71E2004FCEEA /* LoginService.swift in Sources */,
				4AD99248275CED63007ABB73 /* CreatePostData.swift in Sources */,
				4ADBAA2B29678E510019CE69 /* Endpoint.swift in Sources */,
				4AD99219275CDDA2007ABB73 /* AppDelegate.swift in Sources */,
				4A78B93F29787D4C00C7734A /* PostCoordinator.swift in Sources */,
				4AD9921B275CDDA2007ABB73 /* SceneDelegate.swift in Sources */,
				4AD99245275CED63007ABB73 /* Category.swift in Sources */,
				4ADBAA2D29678ECA0019CE69 /* RequestError.swift in Sources */,
				4A8E8F20296B71B9004FCEEA /* Token.swift in Sources */,
				4A2492D72974BB6F00967BF4 /* CreatePostViewModel.swift in Sources */,
				4ADBAA2F29678FB60019CE69 /* HTTPClient.swift in Sources */,
				4A2492C52972E30900967BF4 /* PostsViewModel.swift in Sources */,
				4A2492C22972E1C600967BF4 /* ViewControllerFactory.swift in Sources */,
				4A2492D92974BCA000967BF4 /* CreatePostEndpoint.swift in Sources */,
				4AB3A59C27654D2A0004F4DE /* CreatePostViewController.swift in Sources */,
				4AD99230275CE14F007ABB73 /* PostsViewController.swift in Sources */,
			);
			runOnlyForDeploymentPostprocessing = 0;
		};
/* End PBXSourcesBuildPhase section */

/* Begin PBXVariantGroup section */
		4AD99223275CDDA6007ABB73 /* LaunchScreen.storyboard */ = {
			isa = PBXVariantGroup;
			children = (
				4AD99224275CDDA6007ABB73 /* Base */,
			);
			name = LaunchScreen.storyboard;
			sourceTree = "<group>";
		};
/* End PBXVariantGroup section */

/* Begin XCBuildConfiguration section */
		4AD99227275CDDA7007ABB73 /* Debug */ = {
			isa = XCBuildConfiguration;
			buildSettings = {
				ALWAYS_SEARCH_USER_PATHS = NO;
				CLANG_ANALYZER_NONNULL = YES;
				CLANG_ANALYZER_NUMBER_OBJECT_CONVERSION = YES_AGGRESSIVE;
				CLANG_CXX_LANGUAGE_STANDARD = "gnu++17";
				CLANG_CXX_LIBRARY = "libc++";
				CLANG_ENABLE_MODULES = YES;
				CLANG_ENABLE_OBJC_ARC = YES;
				CLANG_ENABLE_OBJC_WEAK = YES;
				CLANG_WARN_BLOCK_CAPTURE_AUTORELEASING = YES;
				CLANG_WARN_BOOL_CONVERSION = YES;
				CLANG_WARN_COMMA = YES;
				CLANG_WARN_CONSTANT_CONVERSION = YES;
				CLANG_WARN_DEPRECATED_OBJC_IMPLEMENTATIONS = YES;
				CLANG_WARN_DIRECT_OBJC_ISA_USAGE = YES_ERROR;
				CLANG_WARN_DOCUMENTATION_COMMENTS = YES;
				CLANG_WARN_EMPTY_BODY = YES;
				CLANG_WARN_ENUM_CONVERSION = YES;
				CLANG_WARN_INFINITE_RECURSION = YES;
				CLANG_WARN_INT_CONVERSION = YES;
				CLANG_WARN_NON_LITERAL_NULL_CONVERSION = YES;
				CLANG_WARN_OBJC_IMPLICIT_RETAIN_SELF = YES;
				CLANG_WARN_OBJC_LITERAL_CONVERSION = YES;
				CLANG_WARN_OBJC_ROOT_CLASS = YES_ERROR;
				CLANG_WARN_QUOTED_INCLUDE_IN_FRAMEWORK_HEADER = YES;
				CLANG_WARN_RANGE_LOOP_ANALYSIS = YES;
				CLANG_WARN_STRICT_PROTOTYPES = YES;
				CLANG_WARN_SUSPICIOUS_MOVE = YES;
				CLANG_WARN_UNGUARDED_AVAILABILITY = YES_AGGRESSIVE;
				CLANG_WARN_UNREACHABLE_CODE = YES;
				CLANG_WARN__DUPLICATE_METHOD_MATCH = YES;
				COPY_PHASE_STRIP = NO;
				DEBUG_INFORMATION_FORMAT = dwarf;
				ENABLE_STRICT_OBJC_MSGSEND = YES;
				ENABLE_TESTABILITY = YES;
				GCC_C_LANGUAGE_STANDARD = gnu11;
				GCC_DYNAMIC_NO_PIC = NO;
				GCC_NO_COMMON_BLOCKS = YES;
				GCC_OPTIMIZATION_LEVEL = 0;
				GCC_PREPROCESSOR_DEFINITIONS = (
					"DEBUG=1",
					"$(inherited)",
				);
				GCC_WARN_64_TO_32_BIT_CONVERSION = YES;
				GCC_WARN_ABOUT_RETURN_TYPE = YES_ERROR;
				GCC_WARN_UNDECLARED_SELECTOR = YES;
				GCC_WARN_UNINITIALIZED_AUTOS = YES_AGGRESSIVE;
				GCC_WARN_UNUSED_FUNCTION = YES;
				GCC_WARN_UNUSED_VARIABLE = YES;
				IPHONEOS_DEPLOYMENT_TARGET = 15.0;
				MTL_ENABLE_DEBUG_INFO = INCLUDE_SOURCE;
				MTL_FAST_MATH = YES;
				ONLY_ACTIVE_ARCH = YES;
				SDKROOT = iphoneos;
				SWIFT_ACTIVE_COMPILATION_CONDITIONS = DEBUG;
				SWIFT_OPTIMIZATION_LEVEL = "-Onone";
			};
			name = Debug;
		};
		4AD99228275CDDA7007ABB73 /* Release */ = {
			isa = XCBuildConfiguration;
			buildSettings = {
				ALWAYS_SEARCH_USER_PATHS = NO;
				CLANG_ANALYZER_NONNULL = YES;
				CLANG_ANALYZER_NUMBER_OBJECT_CONVERSION = YES_AGGRESSIVE;
				CLANG_CXX_LANGUAGE_STANDARD = "gnu++17";
				CLANG_CXX_LIBRARY = "libc++";
				CLANG_ENABLE_MODULES = YES;
				CLANG_ENABLE_OBJC_ARC = YES;
				CLANG_ENABLE_OBJC_WEAK = YES;
				CLANG_WARN_BLOCK_CAPTURE_AUTORELEASING = YES;
				CLANG_WARN_BOOL_CONVERSION = YES;
				CLANG_WARN_COMMA = YES;
				CLANG_WARN_CONSTANT_CONVERSION = YES;
				CLANG_WARN_DEPRECATED_OBJC_IMPLEMENTATIONS = YES;
				CLANG_WARN_DIRECT_OBJC_ISA_USAGE = YES_ERROR;
				CLANG_WARN_DOCUMENTATION_COMMENTS = YES;
				CLANG_WARN_EMPTY_BODY = YES;
				CLANG_WARN_ENUM_CONVERSION = YES;
				CLANG_WARN_INFINITE_RECURSION = YES;
				CLANG_WARN_INT_CONVERSION = YES;
				CLANG_WARN_NON_LITERAL_NULL_CONVERSION = YES;
				CLANG_WARN_OBJC_IMPLICIT_RETAIN_SELF = YES;
				CLANG_WARN_OBJC_LITERAL_CONVERSION = YES;
				CLANG_WARN_OBJC_ROOT_CLASS = YES_ERROR;
				CLANG_WARN_QUOTED_INCLUDE_IN_FRAMEWORK_HEADER = YES;
				CLANG_WARN_RANGE_LOOP_ANALYSIS = YES;
				CLANG_WARN_STRICT_PROTOTYPES = YES;
				CLANG_WARN_SUSPICIOUS_MOVE = YES;
				CLANG_WARN_UNGUARDED_AVAILABILITY = YES_AGGRESSIVE;
				CLANG_WARN_UNREACHABLE_CODE = YES;
				CLANG_WARN__DUPLICATE_METHOD_MATCH = YES;
				COPY_PHASE_STRIP = NO;
				DEBUG_INFORMATION_FORMAT = "dwarf-with-dsym";
				ENABLE_NS_ASSERTIONS = NO;
				ENABLE_STRICT_OBJC_MSGSEND = YES;
				GCC_C_LANGUAGE_STANDARD = gnu11;
				GCC_NO_COMMON_BLOCKS = YES;
				GCC_WARN_64_TO_32_BIT_CONVERSION = YES;
				GCC_WARN_ABOUT_RETURN_TYPE = YES_ERROR;
				GCC_WARN_UNDECLARED_SELECTOR = YES;
				GCC_WARN_UNINITIALIZED_AUTOS = YES_AGGRESSIVE;
				GCC_WARN_UNUSED_FUNCTION = YES;
				GCC_WARN_UNUSED_VARIABLE = YES;
				IPHONEOS_DEPLOYMENT_TARGET = 15.0;
				MTL_ENABLE_DEBUG_INFO = NO;
				MTL_FAST_MATH = YES;
				SDKROOT = iphoneos;
				SWIFT_COMPILATION_MODE = wholemodule;
				SWIFT_OPTIMIZATION_LEVEL = "-O";
				VALIDATE_PRODUCT = YES;
			};
			name = Release;
		};
		4AD9922A275CDDA7007ABB73 /* Debug */ = {
			isa = XCBuildConfiguration;
			buildSettings = {
				ASSETCATALOG_COMPILER_APPICON_NAME = AppIcon;
				ASSETCATALOG_COMPILER_GLOBAL_ACCENT_COLOR_NAME = AccentColor;
				CODE_SIGN_STYLE = Automatic;
				CURRENT_PROJECT_VERSION = 1;
				DEVELOPMENT_TEAM = 6H6P9ZNQW6;
				GENERATE_INFOPLIST_FILE = YES;
				INFOPLIST_FILE = BlogClient/Info.plist;
				INFOPLIST_KEY_UIApplicationSupportsIndirectInputEvents = YES;
				INFOPLIST_KEY_UILaunchStoryboardName = LaunchScreen;
				INFOPLIST_KEY_UISupportedInterfaceOrientations_iPad = "UIInterfaceOrientationPortrait UIInterfaceOrientationPortraitUpsideDown UIInterfaceOrientationLandscapeLeft UIInterfaceOrientationLandscapeRight";
				INFOPLIST_KEY_UISupportedInterfaceOrientations_iPhone = "UIInterfaceOrientationPortrait UIInterfaceOrientationLandscapeLeft UIInterfaceOrientationLandscapeRight";
				LD_RUNPATH_SEARCH_PATHS = (
					"$(inherited)",
					"@executable_path/Frameworks",
				);
				MARKETING_VERSION = 1.0;
				PRODUCT_BUNDLE_IDENTIFIER = NASA.BlogClient;
				PRODUCT_NAME = "$(TARGET_NAME)";
				SWIFT_EMIT_LOC_STRINGS = YES;
				SWIFT_VERSION = 5.0;
				TARGETED_DEVICE_FAMILY = "1,2";
			};
			name = Debug;
		};
		4AD9922B275CDDA7007ABB73 /* Release */ = {
			isa = XCBuildConfiguration;
			buildSettings = {
				ASSETCATALOG_COMPILER_APPICON_NAME = AppIcon;
				ASSETCATALOG_COMPILER_GLOBAL_ACCENT_COLOR_NAME = AccentColor;
				CODE_SIGN_STYLE = Automatic;
				CURRENT_PROJECT_VERSION = 1;
				DEVELOPMENT_TEAM = 6H6P9ZNQW6;
				GENERATE_INFOPLIST_FILE = YES;
				INFOPLIST_FILE = BlogClient/Info.plist;
				INFOPLIST_KEY_UIApplicationSupportsIndirectInputEvents = YES;
				INFOPLIST_KEY_UILaunchStoryboardName = LaunchScreen;
				INFOPLIST_KEY_UISupportedInterfaceOrientations_iPad = "UIInterfaceOrientationPortrait UIInterfaceOrientationPortraitUpsideDown UIInterfaceOrientationLandscapeLeft UIInterfaceOrientationLandscapeRight";
				INFOPLIST_KEY_UISupportedInterfaceOrientations_iPhone = "UIInterfaceOrientationPortrait UIInterfaceOrientationLandscapeLeft UIInterfaceOrientationLandscapeRight";
				LD_RUNPATH_SEARCH_PATHS = (
					"$(inherited)",
					"@executable_path/Frameworks",
				);
				MARKETING_VERSION = 1.0;
				PRODUCT_BUNDLE_IDENTIFIER = NASA.BlogClient;
				PRODUCT_NAME = "$(TARGET_NAME)";
				SWIFT_EMIT_LOC_STRINGS = YES;
				SWIFT_VERSION = 5.0;
				TARGETED_DEVICE_FAMILY = "1,2";
			};
			name = Release;
		};
/* End XCBuildConfiguration section */

/* Begin XCConfigurationList section */
		4AD99210275CDDA2007ABB73 /* Build configuration list for PBXProject "BlogClient" */ = {
			isa = XCConfigurationList;
			buildConfigurations = (
				4AD99227275CDDA7007ABB73 /* Debug */,
				4AD99228275CDDA7007ABB73 /* Release */,
			);
			defaultConfigurationIsVisible = 0;
			defaultConfigurationName = Release;
		};
		4AD99229275CDDA7007ABB73 /* Build configuration list for PBXNativeTarget "BlogClient" */ = {
			isa = XCConfigurationList;
			buildConfigurations = (
				4AD9922A275CDDA7007ABB73 /* Debug */,
				4AD9922B275CDDA7007ABB73 /* Release */,
			);
			defaultConfigurationIsVisible = 0;
			defaultConfigurationName = Release;
		};
/* End XCConfigurationList section */
	};
	rootObject = 4AD9920D275CDDA2007ABB73 /* Project object */;
}
